
Microsoft Visual Studio Solution File, Format Version 12.00
# Visual Studio Version 16
VisualStudioVersion = 16.0.29709.97
MinimumVisualStudioVersion = 10.0.40219.1
Project("{9A19103F-16F7-4668-BE54-9A1E7A4F7556}") = "CartService", "CartService\CartService.csproj", "{F5E7BC67-E665-42BD-9435-ADC8FA84F466}"
EndProject
Project("{9A19103F-16F7-4668-BE54-9A1E7A4F7556}") = "CartService.DAL", "CartService.DAL\CartService.DAL.csproj", "{8DEDF0A7-1316-443F-831D-15C9B8909913}"
EndProject
Global
	GlobalSection(SolutionConfigurationPlatforms) = preSolution
		Debug|Any CPU = Debug|Any CPU
		Release|Any CPU = Release|Any CPU
	EndGlobalSection
	GlobalSection(ProjectConfigurationPlatforms) = postSolution
		{F5E7BC67-E665-42BD-9435-ADC8FA84F466}.Debug|Any CPU.ActiveCfg = Debug|Any CPU
		{F5E7BC67-E665-42BD-9435-ADC8FA84F466}.Debug|Any CPU.Build.0 = Debug|Any CPU
		{F5E7BC67-E665-42BD-9435-ADC8FA84F466}.Release|Any CPU.ActiveCfg = Release|Any CPU
		{F5E7BC67-E665-42BD-9435-ADC8FA84F466}.Release|Any CPU.Build.0 = Release|Any CPU
		{8DEDF0A7-1316-443F-831D-15C9B8909913}.Debug|Any CPU.ActiveCfg = Debug|Any CPU
		{8DEDF0A7-1316-443F-831D-15C9B8909913}.Debug|Any CPU.Build.0 = Debug|Any CPU
		{8DEDF0A7-1316-443F-831D-15C9B8909913}.Release|Any CPU.ActiveCfg = Release|Any CPU
		{8DEDF0A7-1316-443F-831D-15C9B8909913}.Release|Any CPU.Build.0 = Release|Any CPU
	EndGlobalSection
	GlobalSection(SolutionProperties) = preSolution
		HideSolutionNode = FALSE
	EndGlobalSection
	GlobalSection(ExtensibilityGlobals) = postSolution
		SolutionGuid = {4449F01A-D375-48CE-9662-5A02F7749976}
	EndGlobalSection
EndGlobal
